
Microsoft Visual Studio Solution File, Format Version 12.00
# Visual Studio Version 16
VisualStudioVersion = 16.0.32901.82
MinimumVisualStudioVersion = 10.0.40219.1
Project("{9A19103F-16F7-4668-BE54-9A1E7A4F7556}") = "TextRoyale", "FunProject\TextRoyale.csproj", "{CD209131-C6E8-4E45-B14A-E595F0EC249F}"
EndProject
Global
	GlobalSection(SolutionConfigurationPlatforms) = preSolution
		Debug|Any CPU = Debug|Any CPU
		Release|Any CPU = Release|Any CPU
	EndGlobalSection
	GlobalSection(ProjectConfigurationPlatforms) = postSolution
		{CD209131-C6E8-4E45-B14A-E595F0EC249F}.Debug|Any CPU.ActiveCfg = Debug|Any CPU
		{CD209131-C6E8-4E45-B14A-E595F0EC249F}.Debug|Any CPU.Build.0 = Debug|Any CPU
		{CD209131-C6E8-4E45-B14A-E595F0EC249F}.Release|Any CPU.ActiveCfg = Release|Any CPU
		{CD209131-C6E8-4E45-B14A-E595F0EC249F}.Release|Any CPU.Build.0 = Release|Any CPU
	EndGlobalSection
	GlobalSection(SolutionProperties) = preSolution
		HideSolutionNode = FALSE
	EndGlobalSection
	GlobalSection(ExtensibilityGlobals) = postSolution
		SolutionGuid = {77CBC708-C9B3-4BFF-A204-DD3D5760B3CA}
	EndGlobalSection
EndGlobal
